// !$*UTF8*$!
{
	archiveVersion = 1;
	classes = {
	};
	objectVersion = 48;
	objects = {

/* Begin PBXBuildFile section */
		2E7BEC4F1FC2628C0052C58F /* AppDelegate.swift in Sources */ = {isa = PBXBuildFile; fileRef = 2E7BEC4E1FC2628C0052C58F /* AppDelegate.swift */; };
		2E7BEC511FC2628C0052C58F /* ViewController.swift in Sources */ = {isa = PBXBuildFile; fileRef = 2E7BEC501FC2628C0052C58F /* ViewController.swift */; };
		2E7BEC541FC2628C0052C58F /* Main.storyboard in Resources */ = {isa = PBXBuildFile; fileRef = 2E7BEC521FC2628C0052C58F /* Main.storyboard */; };
		2E7BEC561FC2628C0052C58F /* Assets.xcassets in Resources */ = {isa = PBXBuildFile; fileRef = 2E7BEC551FC2628C0052C58F /* Assets.xcassets */; };
		2E7BEC591FC2628C0052C58F /* LaunchScreen.storyboard in Resources */ = {isa = PBXBuildFile; fileRef = 2E7BEC571FC2628C0052C58F /* LaunchScreen.storyboard */; };
		2E7BEC641FC2628C0052C58F /* CoolLoadersTests.swift in Sources */ = {isa = PBXBuildFile; fileRef = 2E7BEC631FC2628C0052C58F /* CoolLoadersTests.swift */; };
		2E7BEC6F1FC2628C0052C58F /* CoolLoadersUITests.swift in Sources */ = {isa = PBXBuildFile; fileRef = 2E7BEC6E1FC2628C0052C58F /* CoolLoadersUITests.swift */; };
/* End PBXBuildFile section */

/* Begin PBXContainerItemProxy section */
		2E7BEC601FC2628C0052C58F /* PBXContainerItemProxy */ = {
			isa = PBXContainerItemProxy;
			containerPortal = 2E7BEC431FC2628C0052C58F /* Project object */;
			proxyType = 1;
			remoteGlobalIDString = 2E7BEC4A1FC2628C0052C58F;
			remoteInfo = CoolLoaders;
		};
		2E7BEC6B1FC2628C0052C58F /* PBXContainerItemProxy */ = {
			isa = PBXContainerItemProxy;
			containerPortal = 2E7BEC431FC2628C0052C58F /* Project object */;
			proxyType = 1;
			remoteGlobalIDString = 2E7BEC4A1FC2628C0052C58F;
			remoteInfo = CoolLoaders;
		};
/* End PBXContainerItemProxy section */

/* Begin PBXFileReference section */
		2E7BEC4B1FC2628C0052C58F /* CoolLoaders.app */ = {isa = PBXFileReference; explicitFileType = wrapper.application; includeInIndex = 0; path = CoolLoaders.app; sourceTree = BUILT_PRODUCTS_DIR; };
		2E7BEC4E1FC2628C0052C58F /* AppDelegate.swift */ = {isa = PBXFileReference; lastKnownFileType = sourcecode.swift; path = AppDelegate.swift; sourceTree = "<group>"; };
		2E7BEC501FC2628C0052C58F /* ViewController.swift */ = {isa = PBXFileReference; lastKnownFileType = sourcecode.swift; path = ViewController.swift; sourceTree = "<group>"; };
		2E7BEC531FC2628C0052C58F /* Base */ = {isa = PBXFileReference; lastKnownFileType = file.storyboard; name = Base; path = Base.lproj/Main.storyboard; sourceTree = "<group>"; };
		2E7BEC551FC2628C0052C58F /* Assets.xcassets */ = {isa = PBXFileReference; lastKnownFileType = folder.assetcatalog; path = Assets.xcassets; sourceTree = "<group>"; };
		2E7BEC581FC2628C0052C58F /* Base */ = {isa = PBXFileReference; lastKnownFileType = file.storyboard; name = Base; path = Base.lproj/LaunchScreen.storyboard; sourceTree = "<group>"; };
		2E7BEC5A1FC2628C0052C58F /* Info.plist */ = {isa = PBXFileReference; lastKnownFileType = text.plist.xml; path = Info.plist; sourceTree = "<group>"; };
		2E7BEC5F1FC2628C0052C58F /* CoolLoadersTests.xctest */ = {isa = PBXFileReference; explicitFileType = wrapper.cfbundle; includeInIndex = 0; path = CoolLoadersTests.xctest; sourceTree = BUILT_PRODUCTS_DIR; };
		2E7BEC631FC2628C0052C58F /* CoolLoadersTests.swift */ = {isa = PBXFileReference; lastKnownFileType = sourcecode.swift; path = CoolLoadersTests.swift; sourceTree = "<group>"; };
		2E7BEC651FC2628C0052C58F /* Info.plist */ = {isa = PBXFileReference; lastKnownFileType = text.plist.xml; path = Info.plist; sourceTree = "<group>"; };
		2E7BEC6A1FC2628C0052C58F /* CoolLoadersUITests.xctest */ = {isa = PBXFileReference; explicitFileType = wrapper.cfbundle; includeInIndex = 0; path = CoolLoadersUITests.xctest; sourceTree = BUILT_PRODUCTS_DIR; };
		2E7BEC6E1FC2628C0052C58F /* CoolLoadersUITests.swift */ = {isa = PBXFileReference; lastKnownFileType = sourcecode.swift; path = CoolLoadersUITests.swift; sourceTree = "<group>"; };
		2E7BEC701FC2628C0052C58F /* Info.plist */ = {isa = PBXFileReference; lastKnownFileType = text.plist.xml; path = Info.plist; sourceTree = "<group>"; };
/* End PBXFileReference section */

/* Begin PBXFrameworksBuildPhase section */
		2E7BEC481FC2628C0052C58F /* Frameworks */ = {
			isa = PBXFrameworksBuildPhase;
			buildActionMask = 2147483647;
			files = (
			);
			runOnlyForDeploymentPostprocessing = 0;
		};
		2E7BEC5C1FC2628C0052C58F /* Frameworks */ = {
			isa = PBXFrameworksBuildPhase;
			buildActionMask = 2147483647;
			files = (
			);
			runOnlyForDeploymentPostprocessing = 0;
		};
		2E7BEC671FC2628C0052C58F /* Frameworks */ = {
			isa = PBXFrameworksBuildPhase;
			buildActionMask = 2147483647;
			files = (
			);
			runOnlyForDeploymentPostprocessing = 0;
		};
/* End PBXFrameworksBuildPhase section */

/* Begin PBXGroup section */
		2E7BEC421FC2628C0052C58F = {
			isa = PBXGroup;
			children = (
				2E7BEC4D1FC2628C0052C58F /* CoolLoaders */,
				2E7BEC621FC2628C0052C58F /* CoolLoadersTests */,
				2E7BEC6D1FC2628C0052C58F /* CoolLoadersUITests */,
				2E7BEC4C1FC2628C0052C58F /* Products */,
			);
			sourceTree = "<group>";
		};
		2E7BEC4C1FC2628C0052C58F /* Products */ = {
			isa = PBXGroup;
			children = (
				2E7BEC4B1FC2628C0052C58F /* CoolLoaders.app */,
				2E7BEC5F1FC2628C0052C58F /* CoolLoadersTests.xctest */,
				2E7BEC6A1FC2628C0052C58F /* CoolLoadersUITests.xctest */,
			);
			name = Products;
			sourceTree = "<group>";
		};
		2E7BEC4D1FC2628C0052C58F /* CoolLoaders */ = {
			isa = PBXGroup;
			children = (
				2E7BEC4E1FC2628C0052C58F /* AppDelegate.swift */,
				2E7BEC501FC2628C0052C58F /* ViewController.swift */,
				2E7BEC521FC2628C0052C58F /* Main.storyboard */,
				2E7BEC551FC2628C0052C58F /* Assets.xcassets */,
				2E7BEC571FC2628C0052C58F /* LaunchScreen.storyboard */,
				2E7BEC5A1FC2628C0052C58F /* Info.plist */,
			);
			path = CoolLoaders;
			sourceTree = "<group>";
		};
		2E7BEC621FC2628C0052C58F /* CoolLoadersTests */ = {
			isa = PBXGroup;
			children = (
				2E7BEC631FC2628C0052C58F /* CoolLoadersTests.swift */,
				2E7BEC651FC2628C0052C58F /* Info.plist */,
			);
			path = CoolLoadersTests;
			sourceTree = "<group>";
		};
		2E7BEC6D1FC2628C0052C58F /* CoolLoadersUITests */ = {
			isa = PBXGroup;
			children = (
				2E7BEC6E1FC2628C0052C58F /* CoolLoadersUITests.swift */,
				2E7BEC701FC2628C0052C58F /* Info.plist */,
			);
			path = CoolLoadersUITests;
			sourceTree = "<group>";
		};
/* End PBXGroup section */

/* Begin PBXNativeTarget section */
		2E7BEC4A1FC2628C0052C58F /* CoolLoaders */ = {
			isa = PBXNativeTarget;
			buildConfigurationList = 2E7BEC731FC2628C0052C58F /* Build configuration list for PBXNativeTarget "CoolLoaders" */;
			buildPhases = (
				2E7BEC471FC2628C0052C58F /* Sources */,
				2E7BEC481FC2628C0052C58F /* Frameworks */,
				2E7BEC491FC2628C0052C58F /* Resources */,
			);
			buildRules = (
			);
			dependencies = (
			);
			name = CoolLoaders;
			productName = CoolLoaders;
			productReference = 2E7BEC4B1FC2628C0052C58F /* CoolLoaders.app */;
			productType = "com.apple.product-type.application";
		};
		2E7BEC5E1FC2628C0052C58F /* CoolLoadersTests */ = {
			isa = PBXNativeTarget;
			buildConfigurationList = 2E7BEC761FC2628C0052C58F /* Build configuration list for PBXNativeTarget "CoolLoadersTests" */;
			buildPhases = (
				2E7BEC5B1FC2628C0052C58F /* Sources */,
				2E7BEC5C1FC2628C0052C58F /* Frameworks */,
				2E7BEC5D1FC2628C0052C58F /* Resources */,
			);
			buildRules = (
			);
			dependencies = (
				2E7BEC611FC2628C0052C58F /* PBXTargetDependency */,
			);
			name = CoolLoadersTests;
			productName = CoolLoadersTests;
			productReference = 2E7BEC5F1FC2628C0052C58F /* CoolLoadersTests.xctest */;
			productType = "com.apple.product-type.bundle.unit-test";
		};
		2E7BEC691FC2628C0052C58F /* CoolLoadersUITests */ = {
			isa = PBXNativeTarget;
			buildConfigurationList = 2E7BEC791FC2628C0052C58F /* Build configuration list for PBXNativeTarget "CoolLoadersUITests" */;
			buildPhases = (
				2E7BEC661FC2628C0052C58F /* Sources */,
				2E7BEC671FC2628C0052C58F /* Frameworks */,
				2E7BEC681FC2628C0052C58F /* Resources */,
			);
			buildRules = (
			);
			dependencies = (
				2E7BEC6C1FC2628C0052C58F /* PBXTargetDependency */,
			);
			name = CoolLoadersUITests;
			productName = CoolLoadersUITests;
			productReference = 2E7BEC6A1FC2628C0052C58F /* CoolLoadersUITests.xctest */;
			productType = "com.apple.product-type.bundle.ui-testing";
		};
/* End PBXNativeTarget section */

/* Begin PBXProject section */
		2E7BEC431FC2628C0052C58F /* Project object */ = {
			isa = PBXProject;
			attributes = {
				LastSwiftUpdateCheck = 0910;
				LastUpgradeCheck = 0910;
				ORGANIZATIONNAME = "Devin Eror";
				TargetAttributes = {
					2E7BEC4A1FC2628C0052C58F = {
						CreatedOnToolsVersion = 9.1;
						ProvisioningStyle = Automatic;
					};
					2E7BEC5E1FC2628C0052C58F = {
						CreatedOnToolsVersion = 9.1;
						ProvisioningStyle = Automatic;
						TestTargetID = 2E7BEC4A1FC2628C0052C58F;
					};
					2E7BEC691FC2628C0052C58F = {
						CreatedOnToolsVersion = 9.1;
						ProvisioningStyle = Automatic;
						TestTargetID = 2E7BEC4A1FC2628C0052C58F;
					};
				};
			};
			buildConfigurationList = 2E7BEC461FC2628C0052C58F /* Build configuration list for PBXProject "CoolLoaders" */;
			compatibilityVersion = "Xcode 8.0";
			developmentRegion = en;
			hasScannedForEncodings = 0;
			knownRegions = (
				en,
				Base,
			);
			mainGroup = 2E7BEC421FC2628C0052C58F;
			productRefGroup = 2E7BEC4C1FC2628C0052C58F /* Products */;
			projectDirPath = "";
			projectRoot = "";
			targets = (
				2E7BEC4A1FC2628C0052C58F /* CoolLoaders */,
				2E7BEC5E1FC2628C0052C58F /* CoolLoadersTests */,
				2E7BEC691FC2628C0052C58F /* CoolLoadersUITests */,
			);
		};
/* End PBXProject section */

/* Begin PBXResourcesBuildPhase section */
		2E7BEC491FC2628C0052C58F /* Resources */ = {
			isa = PBXResourcesBuildPhase;
			buildActionMask = 2147483647;
			files = (
				2E7BEC591FC2628C0052C58F /* LaunchScreen.storyboard in Resources */,
				2E7BEC561FC2628C0052C58F /* Assets.xcassets in Resources */,
				2E7BEC541FC2628C0052C58F /* Main.storyboard in Resources */,
			);
			runOnlyForDeploymentPostprocessing = 0;
		};
		2E7BEC5D1FC2628C0052C58F /* Resources */ = {
			isa = PBXResourcesBuildPhase;
			buildActionMask = 2147483647;
			files = (
			);
			runOnlyForDeploymentPostprocessing = 0;
		};
		2E7BEC681FC2628C0052C58F /* Resources */ = {
			isa = PBXResourcesBuildPhase;
			buildActionMask = 2147483647;
			files = (
			);
			runOnlyForDeploymentPostprocessing = 0;
		};
/* End PBXResourcesBuildPhase section */

/* Begin PBXSourcesBuildPhase section */
		2E7BEC471FC2628C0052C58F /* Sources */ = {
			isa = PBXSourcesBuildPhase;
			buildActionMask = 2147483647;
			files = (
				2E7BEC511FC2628C0052C58F /* ViewController.swift in Sources */,
				2E7BEC4F1FC2628C0052C58F /* AppDelegate.swift in Sources */,
			);
			runOnlyForDeploymentPostprocessing = 0;
		};
		2E7BEC5B1FC2628C0052C58F /* Sources */ = {
			isa = PBXSourcesBuildPhase;
			buildActionMask = 2147483647;
			files = (
				2E7BEC641FC2628C0052C58F /* CoolLoadersTests.swift in Sources */,
			);
			runOnlyForDeploymentPostprocessing = 0;
		};
		2E7BEC661FC2628C0052C58F /* Sources */ = {
			isa = PBXSourcesBuildPhase;
			buildActionMask = 2147483647;
			files = (
				2E7BEC6F1FC2628C0052C58F /* CoolLoadersUITests.swift in Sources */,
			);
			runOnlyForDeploymentPostprocessing = 0;
		};
/* End PBXSourcesBuildPhase section */

/* Begin PBXTargetDependency section */
		2E7BEC611FC2628C0052C58F /* PBXTargetDependency */ = {
			isa = PBXTargetDependency;
			target = 2E7BEC4A1FC2628C0052C58F /* CoolLoaders */;
			targetProxy = 2E7BEC601FC2628C0052C58F /* PBXContainerItemProxy */;
		};
		2E7BEC6C1FC2628C0052C58F /* PBXTargetDependency */ = {
			isa = PBXTargetDependency;
			target = 2E7BEC4A1FC2628C0052C58F /* CoolLoaders */;
			targetProxy = 2E7BEC6B1FC2628C0052C58F /* PBXContainerItemProxy */;
		};
/* End PBXTargetDependency section */

/* Begin PBXVariantGroup section */
		2E7BEC521FC2628C0052C58F /* Main.storyboard */ = {
			isa = PBXVariantGroup;
			children = (
				2E7BEC531FC2628C0052C58F /* Base */,
			);
			name = Main.storyboard;
			sourceTree = "<group>";
		};
		2E7BEC571FC2628C0052C58F /* LaunchScreen.storyboard */ = {
			isa = PBXVariantGroup;
			children = (
				2E7BEC581FC2628C0052C58F /* Base */,
			);
			name = LaunchScreen.storyboard;
			sourceTree = "<group>";
		};
/* End PBXVariantGroup section */

/* Begin XCBuildConfiguration section */
		2E7BEC711FC2628C0052C58F /* Debug */ = {
			isa = XCBuildConfiguration;
			buildSettings = {
				ALWAYS_SEARCH_USER_PATHS = NO;
				CLANG_ANALYZER_NONNULL = YES;
				CLANG_ANALYZER_NUMBER_OBJECT_CONVERSION = YES_AGGRESSIVE;
				CLANG_CXX_LANGUAGE_STANDARD = "gnu++14";
				CLANG_CXX_LIBRARY = "libc++";
				CLANG_ENABLE_MODULES = YES;
				CLANG_ENABLE_OBJC_ARC = YES;
				CLANG_WARN_BLOCK_CAPTURE_AUTORELEASING = YES;
				CLANG_WARN_BOOL_CONVERSION = YES;
				CLANG_WARN_COMMA = YES;
				CLANG_WARN_CONSTANT_CONVERSION = YES;
				CLANG_WARN_DIRECT_OBJC_ISA_USAGE = YES_ERROR;
				CLANG_WARN_DOCUMENTATION_COMMENTS = YES;
				CLANG_WARN_EMPTY_BODY = YES;
				CLANG_WARN_ENUM_CONVERSION = YES;
				CLANG_WARN_INFINITE_RECURSION = YES;
				CLANG_WARN_INT_CONVERSION = YES;
				CLANG_WARN_NON_LITERAL_NULL_CONVERSION = YES;
				CLANG_WARN_OBJC_LITERAL_CONVERSION = YES;
				CLANG_WARN_OBJC_ROOT_CLASS = YES_ERROR;
				CLANG_WARN_RANGE_LOOP_ANALYSIS = YES;
				CLANG_WARN_STRICT_PROTOTYPES = YES;
				CLANG_WARN_SUSPICIOUS_MOVE = YES;
				CLANG_WARN_UNGUARDED_AVAILABILITY = YES_AGGRESSIVE;
				CLANG_WARN_UNREACHABLE_CODE = YES;
				CLANG_WARN__DUPLICATE_METHOD_MATCH = YES;
				CODE_SIGN_IDENTITY = "iPhone Developer";
				COPY_PHASE_STRIP = NO;
				DEBUG_INFORMATION_FORMAT = dwarf;
				ENABLE_STRICT_OBJC_MSGSEND = YES;
				ENABLE_TESTABILITY = YES;
				GCC_C_LANGUAGE_STANDARD = gnu11;
				GCC_DYNAMIC_NO_PIC = NO;
				GCC_NO_COMMON_BLOCKS = YES;
				GCC_OPTIMIZATION_LEVEL = 0;
				GCC_PREPROCESSOR_DEFINITIONS = (
					"DEBUG=1",
					"$(inherited)",
				);
				GCC_WARN_64_TO_32_BIT_CONVERSION = YES;
				GCC_WARN_ABOUT_RETURN_TYPE = YES_ERROR;
				GCC_WARN_UNDECLARED_SELECTOR = YES;
				GCC_WARN_UNINITIALIZED_AUTOS = YES_AGGRESSIVE;
				GCC_WARN_UNUSED_FUNCTION = YES;
				GCC_WARN_UNUSED_VARIABLE = YES;
				IPHONEOS_DEPLOYMENT_TARGET = 11.1;
				MTL_ENABLE_DEBUG_INFO = YES;
				ONLY_ACTIVE_ARCH = YES;
				SDKROOT = iphoneos;
				SWIFT_ACTIVE_COMPILATION_CONDITIONS = DEBUG;
				SWIFT_OPTIMIZATION_LEVEL = "-Onone";
			};
			name = Debug;
		};
		2E7BEC721FC2628C0052C58F /* Release */ = {
			isa = XCBuildConfiguration;
			buildSettings = {
				ALWAYS_SEARCH_USER_PATHS = NO;
				CLANG_ANALYZER_NONNULL = YES;
				CLANG_ANALYZER_NUMBER_OBJECT_CONVERSION = YES_AGGRESSIVE;
				CLANG_CXX_LANGUAGE_STANDARD = "gnu++14";
				CLANG_CXX_LIBRARY = "libc++";
				CLANG_ENABLE_MODULES = YES;
				CLANG_ENABLE_OBJC_ARC = YES;
				CLANG_WARN_BLOCK_CAPTURE_AUTORELEASING = YES;
				CLANG_WARN_BOOL_CONVERSION = YES;
				CLANG_WARN_COMMA = YES;
				CLANG_WARN_CONSTANT_CONVERSION = YES;
				CLANG_WARN_DIRECT_OBJC_ISA_USAGE = YES_ERROR;
				CLANG_WARN_DOCUMENTATION_COMMENTS = YES;
				CLANG_WARN_EMPTY_BODY = YES;
				CLANG_WARN_ENUM_CONVERSION = YES;
				CLANG_WARN_INFINITE_RECURSION = YES;
				CLANG_WARN_INT_CONVERSION = YES;
				CLANG_WARN_NON_LITERAL_NULL_CONVERSION = YES;
				CLANG_WARN_OBJC_LITERAL_CONVERSION = YES;
				CLANG_WARN_OBJC_ROOT_CLASS = YES_ERROR;
				CLANG_WARN_RANGE_LOOP_ANALYSIS = YES;
				CLANG_WARN_STRICT_PROTOTYPES = YES;
				CLANG_WARN_SUSPICIOUS_MOVE = YES;
				CLANG_WARN_UNGUARDED_AVAILABILITY = YES_AGGRESSIVE;
				CLANG_WARN_UNREACHABLE_CODE = YES;
				CLANG_WARN__DUPLICATE_METHOD_MATCH = YES;
				CODE_SIGN_IDENTITY = "iPhone Developer";
				COPY_PHASE_STRIP = NO;
				DEBUG_INFORMATION_FORMAT = "dwarf-with-dsym";
				ENABLE_NS_ASSERTIONS = NO;
				ENABLE_STRICT_OBJC_MSGSEND = YES;
				GCC_C_LANGUAGE_STANDARD = gnu11;
				GCC_NO_COMMON_BLOCKS = YES;
				GCC_WARN_64_TO_32_BIT_CONVERSION = YES;
				GCC_WARN_ABOUT_RETURN_TYPE = YES_ERROR;
				GCC_WARN_UNDECLARED_SELECTOR = YES;
				GCC_WARN_UNINITIALIZED_AUTOS = YES_AGGRESSIVE;
				GCC_WARN_UNUSED_FUNCTION = YES;
				GCC_WARN_UNUSED_VARIABLE = YES;
				IPHONEOS_DEPLOYMENT_TARGET = 11.1;
				MTL_ENABLE_DEBUG_INFO = NO;
				SDKROOT = iphoneos;
				SWIFT_OPTIMIZATION_LEVEL = "-Owholemodule";
				VALIDATE_PRODUCT = YES;
			};
			name = Release;
		};
		2E7BEC741FC2628C0052C58F /* Debug */ = {
			isa = XCBuildConfiguration;
			buildSettings = {
				ASSETCATALOG_COMPILER_APPICON_NAME = AppIcon;
				CODE_SIGN_STYLE = Automatic;
				DEVELOPMENT_TEAM = "";
				INFOPLIST_FILE = CoolLoaders/Info.plist;
				LD_RUNPATH_SEARCH_PATHS = "$(inherited) @executable_path/Frameworks";
				PRODUCT_BUNDLE_IDENTIFIER = com.devineror.CoolLoaders;
				PRODUCT_NAME = "$(TARGET_NAME)";
				SWIFT_VERSION = 4.0;
				TARGETED_DEVICE_FAMILY = "1,2";
			};
			name = Debug;
		};
		2E7BEC751FC2628C0052C58F /* Release */ = {
			isa = XCBuildConfiguration;
			buildSettings = {
				ASSETCATALOG_COMPILER_APPICON_NAME = AppIcon;
				CODE_SIGN_STYLE = Automatic;
				DEVELOPMENT_TEAM = "";
				INFOPLIST_FILE = CoolLoaders/Info.plist;
				LD_RUNPATH_SEARCH_PATHS = "$(inherited) @executable_path/Frameworks";
				PRODUCT_BUNDLE_IDENTIFIER = com.devineror.CoolLoaders;
				PRODUCT_NAME = "$(TARGET_NAME)";
				SWIFT_VERSION = 4.0;
				TARGETED_DEVICE_FAMILY = "1,2";
			};
			name = Release;
		};
		2E7BEC771FC2628C0052C58F /* Debug */ = {
			isa = XCBuildConfiguration;
			buildSettings = {
				ALWAYS_EMBED_SWIFT_STANDARD_LIBRARIES = YES;
				BUNDLE_LOADER = "$(TEST_HOST)";
				CODE_SIGN_STYLE = Automatic;
				DEVELOPMENT_TEAM = Y92JF627VV;
				INFOPLIST_FILE = CoolLoadersTests/Info.plist;
				LD_RUNPATH_SEARCH_PATHS = "$(inherited) @executable_path/Frameworks @loader_path/Frameworks";
				PRODUCT_BUNDLE_IDENTIFIER = com.devineror.CoolLoadersTests;
				PRODUCT_NAME = "$(TARGET_NAME)";
				SWIFT_VERSION = 4.0;
				TARGETED_DEVICE_FAMILY = "1,2";
				TEST_HOST = "$(BUILT_PRODUCTS_DIR)/CoolLoaders.app/CoolLoaders";
			};
			name = Debug;
		};
		2E7BEC781FC2628C0052C58F /* Release */ = {
			isa = XCBuildConfiguration;
			buildSettings = {
				ALWAYS_EMBED_SWIFT_STANDARD_LIBRARIES = YES;
				BUNDLE_LOADER = "$(TEST_HOST)";
				CODE_SIGN_STYLE = Automatic;
				DEVELOPMENT_TEAM = Y92JF627VV;
				INFOPLIST_FILE = CoolLoadersTests/Info.plist;
				LD_RUNPATH_SEARCH_PATHS = "$(inherited) @executable_path/Frameworks @loader_path/Frameworks";
				PRODUCT_BUNDLE_IDENTIFIER = com.devineror.CoolLoadersTests;
				PRODUCT_NAME = "$(TARGET_NAME)";
				SWIFT_VERSION = 4.0;
				TARGETED_DEVICE_FAMILY = "1,2";
				TEST_HOST = "$(BUILT_PRODUCTS_DIR)/CoolLoaders.app/CoolLoaders";
			};
			name = Release;
		};
		2E7BEC7A1FC2628C0052C58F /* Debug */ = {
			isa = XCBuildConfiguration;
			buildSettings = {
				ALWAYS_EMBED_SWIFT_STANDARD_LIBRARIES = YES;
				CODE_SIGN_STYLE = Automatic;
				DEVELOPMENT_TEAM = Y92JF627VV;
				INFOPLIST_FILE = CoolLoadersUITests/Info.plist;
				LD_RUNPATH_SEARCH_PATHS = "$(inherited) @executable_path/Frameworks @loader_path/Frameworks";
				PRODUCT_BUNDLE_IDENTIFIER = com.devineror.CoolLoadersUITests;
				PRODUCT_NAME = "$(TARGET_NAME)";
				SWIFT_VERSION = 4.0;
				TARGETED_DEVICE_FAMILY = "1,2";
				TEST_TARGET_NAME = CoolLoaders;
			};
			name = Debug;
		};
		2E7BEC7B1FC2628C0052C58F /* Release */ = {
			isa = XCBuildConfiguration;
			buildSettings = {
				ALWAYS_EMBED_SWIFT_STANDARD_LIBRARIES = YES;
				CODE_SIGN_STYLE = Automatic;
				DEVELOPMENT_TEAM = Y92JF627VV;
				INFOPLIST_FILE = CoolLoadersUITests/Info.plist;
				LD_RUNPATH_SEARCH_PATHS = "$(inherited) @executable_path/Frameworks @loader_path/Frameworks";
				PRODUCT_BUNDLE_IDENTIFIER = com.devineror.CoolLoadersUITests;
				PRODUCT_NAME = "$(TARGET_NAME)";
				SWIFT_VERSION = 4.0;
				TARGETED_DEVICE_FAMILY = "1,2";
				TEST_TARGET_NAME = CoolLoaders;
			};
			name = Release;
		};
/* End XCBuildConfiguration section */

/* Begin XCConfigurationList section */
		2E7BEC461FC2628C0052C58F /* Build configuration list for PBXProject "CoolLoaders" */ = {
			isa = XCConfigurationList;
			buildConfigurations = (
				2E7BEC711FC2628C0052C58F /* Debug */,
				2E7BEC721FC2628C0052C58F /* Release */,
			);
			defaultConfigurationIsVisible = 0;
			defaultConfigurationName = Release;
		};
		2E7BEC731FC2628C0052C58F /* Build configuration list for PBXNativeTarget "CoolLoaders" */ = {
			isa = XCConfigurationList;
			buildConfigurations = (
				2E7BEC741FC2628C0052C58F /* Debug */,
				2E7BEC751FC2628C0052C58F /* Release */,
			);
			defaultConfigurationIsVisible = 0;
			defaultConfigurationName = Release;
		};
		2E7BEC761FC2628C0052C58F /* Build configuration list for PBXNativeTarget "CoolLoadersTests" */ = {
			isa = XCConfigurationList;
			buildConfigurations = (
				2E7BEC771FC2628C0052C58F /* Debug */,
				2E7BEC781FC2628C0052C58F /* Release */,
			);
			defaultConfigurationIsVisible = 0;
			defaultConfigurationName = Release;
		};
		2E7BEC791FC2628C0052C58F /* Build configuration list for PBXNativeTarget "CoolLoadersUITests" */ = {
			isa = XCConfigurationList;
			buildConfigurations = (
				2E7BEC7A1FC2628C0052C58F /* Debug */,
				2E7BEC7B1FC2628C0052C58F /* Release */,
			);
			defaultConfigurationIsVisible = 0;
			defaultConfigurationName = Release;
		};
/* End XCConfigurationList section */
	};
	rootObject = 2E7BEC431FC2628C0052C58F /* Project object */;
}
